// !$*UTF8*$!
{
	archiveVersion = 1;
	classes = {
	};
	objectVersion = 56;
	objects = {

/* Begin PBXBuildFile section */
		3C0BD7832CDD539000666AC8 /* main.cpp in Sources */ = {isa = PBXBuildFile; fileRef = 3C0BD7822CDD539000666AC8 /* main.cpp */; };
		3C0BD78E2CDD54D100666AC8 /* ShaderProgram.cpp in Sources */ = {isa = PBXBuildFile; fileRef = 3C0BD78D2CDD54D100666AC8 /* ShaderProgram.cpp */; };
		3C0BD7932CDD552D00666AC8 /* SDL2_mixer.framework in Frameworks */ = {isa = PBXBuildFile; fileRef = 3C0BD7902CDD552D00666AC8 /* SDL2_mixer.framework */; };
		3C0BD7942CDD552D00666AC8 /* SDL2_image.framework in Frameworks */ = {isa = PBXBuildFile; fileRef = 3C0BD7912CDD552D00666AC8 /* SDL2_image.framework */; };
		3C0BD7952CDD552D00666AC8 /* SDL2.framework in Frameworks */ = {isa = PBXBuildFile; fileRef = 3C0BD7922CDD552D00666AC8 /* SDL2.framework */; };
		3C0BD7972CDD553800666AC8 /* OpenGL.framework in Frameworks */ = {isa = PBXBuildFile; fileRef = 3C0BD7962CDD553800666AC8 /* OpenGL.framework */; };
		3C0BD7992CDD553E00666AC8 /* Cocoa.framework in Frameworks */ = {isa = PBXBuildFile; fileRef = 3C0BD7982CDD553E00666AC8 /* Cocoa.framework */; };
		3C0BD79A2CDD555B00666AC8 /* shaders in CopyFiles */ = {isa = PBXBuildFile; fileRef = 3C0BD78A2CDD54D100666AC8 /* shaders */; };
		3C0BD79B2CDD555E00666AC8 /* glm in CopyFiles */ = {isa = PBXBuildFile; fileRef = 3C0BD7892CDD54D100666AC8 /* glm */; };
		3C0BD79E2CDD556F00666AC8 /* Entity.cpp in Sources */ = {isa = PBXBuildFile; fileRef = 3C0BD79C2CDD556F00666AC8 /* Entity.cpp */; };
		3C0BD8122CDEB8CE00666AC8 /* Cocoa.framework in CopyFiles */ = {isa = PBXBuildFile; fileRef = 3C0BD7982CDD553E00666AC8 /* Cocoa.framework */; settings = {ATTRIBUTES = (RemoveHeadersOnCopy, ); }; };
		3C0BD8132CDEB8CE00666AC8 /* OpenGL.framework in CopyFiles */ = {isa = PBXBuildFile; fileRef = 3C0BD7962CDD553800666AC8 /* OpenGL.framework */; settings = {ATTRIBUTES = (RemoveHeadersOnCopy, ); }; };
		3C0BD8142CDEB8CE00666AC8 /* SDL2_image.framework in CopyFiles */ = {isa = PBXBuildFile; fileRef = 3C0BD7912CDD552D00666AC8 /* SDL2_image.framework */; settings = {ATTRIBUTES = (RemoveHeadersOnCopy, ); }; };
		3C0BD8152CDEB8CE00666AC8 /* SDL2_mixer.framework in CopyFiles */ = {isa = PBXBuildFile; fileRef = 3C0BD7902CDD552D00666AC8 /* SDL2_mixer.framework */; settings = {ATTRIBUTES = (RemoveHeadersOnCopy, ); }; };
		3C0BD8162CDEB8CE00666AC8 /* SDL2.framework in CopyFiles */ = {isa = PBXBuildFile; fileRef = 3C0BD7922CDD552D00666AC8 /* SDL2.framework */; settings = {ATTRIBUTES = (RemoveHeadersOnCopy, ); }; };
		3C0BD8192CE043C100666AC8 /* Assets in CopyFiles */ = {isa = PBXBuildFile; fileRef = 3C0BD7A02CDD56A200666AC8 /* Assets */; settings = {ATTRIBUTES = (CodeSignOnCopy, ); }; };
/* End PBXBuildFile section */

/* Begin PBXCopyFilesBuildPhase section */
		3C0BD77D2CDD539000666AC8 /* CopyFiles */ = {
			isa = PBXCopyFilesBuildPhase;
			buildActionMask = 12;
			dstPath = "";
			dstSubfolderSpec = 6;
			files = (
				3C0BD8192CE043C100666AC8 /* Assets in CopyFiles */,
				3C0BD79A2CDD555B00666AC8 /* shaders in CopyFiles */,
				3C0BD79B2CDD555E00666AC8 /* glm in CopyFiles */,
				3C0BD8122CDEB8CE00666AC8 /* Cocoa.framework in CopyFiles */,
				3C0BD8132CDEB8CE00666AC8 /* OpenGL.framework in CopyFiles */,
				3C0BD8142CDEB8CE00666AC8 /* SDL2_image.framework in CopyFiles */,
				3C0BD8152CDEB8CE00666AC8 /* SDL2_mixer.framework in CopyFiles */,
				3C0BD8162CDEB8CE00666AC8 /* SDL2.framework in CopyFiles */,
			);
			runOnlyForDeploymentPostprocessing = 0;
		};
/* End PBXCopyFilesBuildPhase section */

/* Begin PBXFileReference section */
		3C0BD77F2CDD539000666AC8 /* Project_4 */ = {isa = PBXFileReference; explicitFileType = "compiled.mach-o.executable"; includeInIndex = 0; path = Project_4; sourceTree = BUILT_PRODUCTS_DIR; };
		3C0BD7822CDD539000666AC8 /* main.cpp */ = {isa = PBXFileReference; lastKnownFileType = sourcecode.cpp.cpp; path = main.cpp; sourceTree = "<group>"; };
		3C0BD7892CDD54D100666AC8 /* glm */ = {isa = PBXFileReference; lastKnownFileType = folder; path = glm; sourceTree = "<group>"; };
		3C0BD78A2CDD54D100666AC8 /* shaders */ = {isa = PBXFileReference; lastKnownFileType = folder; path = shaders; sourceTree = "<group>"; };
		3C0BD78B2CDD54D100666AC8 /* ShaderProgram.h */ = {isa = PBXFileReference; fileEncoding = 4; lastKnownFileType = sourcecode.c.h; path = ShaderProgram.h; sourceTree = "<group>"; };
		3C0BD78C2CDD54D100666AC8 /* stb_image.h */ = {isa = PBXFileReference; fileEncoding = 4; lastKnownFileType = sourcecode.c.h; path = stb_image.h; sourceTree = "<group>"; };
		3C0BD78D2CDD54D100666AC8 /* ShaderProgram.cpp */ = {isa = PBXFileReference; fileEncoding = 4; lastKnownFileType = sourcecode.cpp.cpp; path = ShaderProgram.cpp; sourceTree = "<group>"; };
		3C0BD7902CDD552D00666AC8 /* SDL2_mixer.framework */ = {isa = PBXFileReference; lastKnownFileType = wrapper.framework; name = SDL2_mixer.framework; path = ../../../../../Library/Frameworks/SDL2_mixer.framework; sourceTree = "<group>"; };
		3C0BD7912CDD552D00666AC8 /* SDL2_image.framework */ = {isa = PBXFileReference; lastKnownFileType = wrapper.framework; name = SDL2_image.framework; path = ../../../../../Library/Frameworks/SDL2_image.framework; sourceTree = "<group>"; };
		3C0BD7922CDD552D00666AC8 /* SDL2.framework */ = {isa = PBXFileReference; lastKnownFileType = wrapper.framework; name = SDL2.framework; path = ../../../../../Library/Frameworks/SDL2.framework; sourceTree = "<group>"; };
		3C0BD7962CDD553800666AC8 /* OpenGL.framework */ = {isa = PBXFileReference; lastKnownFileType = wrapper.framework; name = OpenGL.framework; path = System/Library/Frameworks/OpenGL.framework; sourceTree = SDKROOT; };
		3C0BD7982CDD553E00666AC8 /* Cocoa.framework */ = {isa = PBXFileReference; lastKnownFileType = wrapper.framework; name = Cocoa.framework; path = System/Library/Frameworks/Cocoa.framework; sourceTree = SDKROOT; };
		3C0BD79C2CDD556F00666AC8 /* Entity.cpp */ = {isa = PBXFileReference; lastKnownFileType = sourcecode.cpp.cpp; path = Entity.cpp; sourceTree = "<group>"; };
		3C0BD79D2CDD556F00666AC8 /* Entity.h */ = {isa = PBXFileReference; lastKnownFileType = sourcecode.c.h; path = Entity.h; sourceTree = "<group>"; };
		3C0BD7A02CDD56A200666AC8 /* Assets */ = {isa = PBXFileReference; lastKnownFileType = folder; name = Assets; path = ../Assets; sourceTree = "<group>"; };
/* End PBXFileReference section */

/* Begin PBXFrameworksBuildPhase section */
		3C0BD77C2CDD539000666AC8 /* Frameworks */ = {
			isa = PBXFrameworksBuildPhase;
			buildActionMask = 2147483647;
			files = (
				3C0BD7992CDD553E00666AC8 /* Cocoa.framework in Frameworks */,
				3C0BD7972CDD553800666AC8 /* OpenGL.framework in Frameworks */,
				3C0BD7932CDD552D00666AC8 /* SDL2_mixer.framework in Frameworks */,
				3C0BD7942CDD552D00666AC8 /* SDL2_image.framework in Frameworks */,
				3C0BD7952CDD552D00666AC8 /* SDL2.framework in Frameworks */,
			);
			runOnlyForDeploymentPostprocessing = 0;
		};
/* End PBXFrameworksBuildPhase section */

/* Begin PBXGroup section */
		3C0BD7762CDD539000666AC8 = {
			isa = PBXGroup;
			children = (
				3C0BD7A02CDD56A200666AC8 /* Assets */,
				3C0BD7812CDD539000666AC8 /* Project_4 */,
				3C0BD7802CDD539000666AC8 /* Products */,
				3C0BD78F2CDD552D00666AC8 /* Frameworks */,
			);
			sourceTree = "<group>";
		};
		3C0BD7802CDD539000666AC8 /* Products */ = {
			isa = PBXGroup;
			children = (
				3C0BD77F2CDD539000666AC8 /* Project_4 */,
			);
			name = Products;
			sourceTree = "<group>";
		};
		3C0BD7812CDD539000666AC8 /* Project_4 */ = {
			isa = PBXGroup;
			children = (
				3C0BD7892CDD54D100666AC8 /* glm */,
				3C0BD78D2CDD54D100666AC8 /* ShaderProgram.cpp */,
				3C0BD78B2CDD54D100666AC8 /* ShaderProgram.h */,
				3C0BD78A2CDD54D100666AC8 /* shaders */,
				3C0BD78C2CDD54D100666AC8 /* stb_image.h */,
				3C0BD7822CDD539000666AC8 /* main.cpp */,
				3C0BD79C2CDD556F00666AC8 /* Entity.cpp */,
				3C0BD79D2CDD556F00666AC8 /* Entity.h */,
			);
			path = Project_4;
			sourceTree = "<group>";
		};
		3C0BD78F2CDD552D00666AC8 /* Frameworks */ = {
			isa = PBXGroup;
			children = (
				3C0BD7982CDD553E00666AC8 /* Cocoa.framework */,
				3C0BD7962CDD553800666AC8 /* OpenGL.framework */,
				3C0BD7912CDD552D00666AC8 /* SDL2_image.framework */,
				3C0BD7902CDD552D00666AC8 /* SDL2_mixer.framework */,
				3C0BD7922CDD552D00666AC8 /* SDL2.framework */,
			);
			name = Frameworks;
			sourceTree = "<group>";
		};
/* End PBXGroup section */

/* Begin PBXNativeTarget section */
		3C0BD77E2CDD539000666AC8 /* Project_4 */ = {
			isa = PBXNativeTarget;
			buildConfigurationList = 3C0BD7862CDD539000666AC8 /* Build configuration list for PBXNativeTarget "Project_4" */;
			buildPhases = (
				3C0BD77B2CDD539000666AC8 /* Sources */,
				3C0BD77C2CDD539000666AC8 /* Frameworks */,
				3C0BD77D2CDD539000666AC8 /* CopyFiles */,
			);
			buildRules = (
			);
			dependencies = (
			);
			name = Project_4;
			productName = Project_4;
			productReference = 3C0BD77F2CDD539000666AC8 /* Project_4 */;
			productType = "com.apple.product-type.tool";
		};
/* End PBXNativeTarget section */

/* Begin PBXProject section */
		3C0BD7772CDD539000666AC8 /* Project object */ = {
			isa = PBXProject;
			attributes = {
				BuildIndependentTargetsInParallel = 1;
				LastUpgradeCheck = 1500;
				TargetAttributes = {
					3C0BD77E2CDD539000666AC8 = {
						CreatedOnToolsVersion = 15.0;
					};
				};
			};
			buildConfigurationList = 3C0BD77A2CDD539000666AC8 /* Build configuration list for PBXProject "Project_4" */;
			compatibilityVersion = "Xcode 14.0";
			developmentRegion = en;
			hasScannedForEncodings = 0;
			knownRegions = (
				en,
				Base,
			);
			mainGroup = 3C0BD7762CDD539000666AC8;
			productRefGroup = 3C0BD7802CDD539000666AC8 /* Products */;
			projectDirPath = "";
			projectRoot = "";
			targets = (
				3C0BD77E2CDD539000666AC8 /* Project_4 */,
			);
		};
/* End PBXProject section */

/* Begin PBXSourcesBuildPhase section */
		3C0BD77B2CDD539000666AC8 /* Sources */ = {
			isa = PBXSourcesBuildPhase;
			buildActionMask = 2147483647;
			files = (
				3C0BD7832CDD539000666AC8 /* main.cpp in Sources */,
				3C0BD79E2CDD556F00666AC8 /* Entity.cpp in Sources */,
				3C0BD78E2CDD54D100666AC8 /* ShaderProgram.cpp in Sources */,
			);
			runOnlyForDeploymentPostprocessing = 0;
		};
/* End PBXSourcesBuildPhase section */

/* Begin XCBuildConfiguration section */
		3C0BD7842CDD539000666AC8 /* Debug */ = {
			isa = XCBuildConfiguration;
			buildSettings = {
				ALWAYS_SEARCH_USER_PATHS = NO;
				ASSETCATALOG_COMPILER_GENERATE_SWIFT_ASSET_SYMBOL_EXTENSIONS = YES;
				CLANG_ANALYZER_NONNULL = YES;
				CLANG_ANALYZER_NUMBER_OBJECT_CONVERSION = YES_AGGRESSIVE;
				CLANG_CXX_LANGUAGE_STANDARD = "gnu++20";
				CLANG_ENABLE_MODULES = YES;
				CLANG_ENABLE_OBJC_ARC = YES;
				CLANG_ENABLE_OBJC_WEAK = YES;
				CLANG_WARN_BLOCK_CAPTURE_AUTORELEASING = YES;
				CLANG_WARN_BOOL_CONVERSION = YES;
				CLANG_WARN_COMMA = YES;
				CLANG_WARN_CONSTANT_CONVERSION = YES;
				CLANG_WARN_DEPRECATED_OBJC_IMPLEMENTATIONS = YES;
				CLANG_WARN_DIRECT_OBJC_ISA_USAGE = YES_ERROR;
				CLANG_WARN_DOCUMENTATION_COMMENTS = YES;
				CLANG_WARN_EMPTY_BODY = YES;
				CLANG_WARN_ENUM_CONVERSION = YES;
				CLANG_WARN_INFINITE_RECURSION = YES;
				CLANG_WARN_INT_CONVERSION = YES;
				CLANG_WARN_NON_LITERAL_NULL_CONVERSION = YES;
				CLANG_WARN_OBJC_IMPLICIT_RETAIN_SELF = YES;
				CLANG_WARN_OBJC_LITERAL_CONVERSION = YES;
				CLANG_WARN_OBJC_ROOT_CLASS = YES_ERROR;
				CLANG_WARN_QUOTED_INCLUDE_IN_FRAMEWORK_HEADER = YES;
				CLANG_WARN_RANGE_LOOP_ANALYSIS = YES;
				CLANG_WARN_STRICT_PROTOTYPES = YES;
				CLANG_WARN_SUSPICIOUS_MOVE = YES;
				CLANG_WARN_UNGUARDED_AVAILABILITY = YES_AGGRESSIVE;
				CLANG_WARN_UNREACHABLE_CODE = YES;
				CLANG_WARN__DUPLICATE_METHOD_MATCH = YES;
				COPY_PHASE_STRIP = NO;
				DEBUG_INFORMATION_FORMAT = dwarf;
				ENABLE_STRICT_OBJC_MSGSEND = YES;
				ENABLE_TESTABILITY = YES;
				ENABLE_USER_SCRIPT_SANDBOXING = YES;
				GCC_C_LANGUAGE_STANDARD = gnu17;
				GCC_DYNAMIC_NO_PIC = NO;
				GCC_NO_COMMON_BLOCKS = YES;
				GCC_OPTIMIZATION_LEVEL = 0;
				GCC_PREPROCESSOR_DEFINITIONS = (
					"DEBUG=1",
					"$(inherited)",
				);
				GCC_WARN_64_TO_32_BIT_CONVERSION = YES;
				GCC_WARN_ABOUT_RETURN_TYPE = YES_ERROR;
				GCC_WARN_UNDECLARED_SELECTOR = YES;
				GCC_WARN_UNINITIALIZED_AUTOS = YES_AGGRESSIVE;
				GCC_WARN_UNUSED_FUNCTION = YES;
				GCC_WARN_UNUSED_VARIABLE = YES;
				LOCALIZATION_PREFERS_STRING_CATALOGS = YES;
				MACOSX_DEPLOYMENT_TARGET = 14.0;
				MTL_ENABLE_DEBUG_INFO = INCLUDE_SOURCE;
				MTL_FAST_MATH = YES;
				ONLY_ACTIVE_ARCH = YES;
				SDKROOT = macosx;
			};
			name = Debug;
		};
		3C0BD7852CDD539000666AC8 /* Release */ = {
			isa = XCBuildConfiguration;
			buildSettings = {
				ALWAYS_SEARCH_USER_PATHS = NO;
				ASSETCATALOG_COMPILER_GENERATE_SWIFT_ASSET_SYMBOL_EXTENSIONS = YES;
				CLANG_ANALYZER_NONNULL = YES;
				CLANG_ANALYZER_NUMBER_OBJECT_CONVERSION = YES_AGGRESSIVE;
				CLANG_CXX_LANGUAGE_STANDARD = "gnu++20";
				CLANG_ENABLE_MODULES = YES;
				CLANG_ENABLE_OBJC_ARC = YES;
				CLANG_ENABLE_OBJC_WEAK = YES;
				CLANG_WARN_BLOCK_CAPTURE_AUTORELEASING = YES;
				CLANG_WARN_BOOL_CONVERSION = YES;
				CLANG_WARN_COMMA = YES;
				CLANG_WARN_CONSTANT_CONVERSION = YES;
				CLANG_WARN_DEPRECATED_OBJC_IMPLEMENTATIONS = YES;
				CLANG_WARN_DIRECT_OBJC_ISA_USAGE = YES_ERROR;
				CLANG_WARN_DOCUMENTATION_COMMENTS = YES;
				CLANG_WARN_EMPTY_BODY = YES;
				CLANG_WARN_ENUM_CONVERSION = YES;
				CLANG_WARN_INFINITE_RECURSION = YES;
				CLANG_WARN_INT_CONVERSION = YES;
				CLANG_WARN_NON_LITERAL_NULL_CONVERSION = YES;
				CLANG_WARN_OBJC_IMPLICIT_RETAIN_SELF = YES;
				CLANG_WARN_OBJC_LITERAL_CONVERSION = YES;
				CLANG_WARN_OBJC_ROOT_CLASS = YES_ERROR;
				CLANG_WARN_QUOTED_INCLUDE_IN_FRAMEWORK_HEADER = YES;
				CLANG_WARN_RANGE_LOOP_ANALYSIS = YES;
				CLANG_WARN_STRICT_PROTOTYPES = YES;
				CLANG_WARN_SUSPICIOUS_MOVE = YES;
				CLANG_WARN_UNGUARDED_AVAILABILITY = YES_AGGRESSIVE;
				CLANG_WARN_UNREACHABLE_CODE = YES;
				CLANG_WARN__DUPLICATE_METHOD_MATCH = YES;
				COPY_PHASE_STRIP = NO;
				DEBUG_INFORMATION_FORMAT = "dwarf-with-dsym";
				ENABLE_NS_ASSERTIONS = NO;
				ENABLE_STRICT_OBJC_MSGSEND = YES;
				ENABLE_USER_SCRIPT_SANDBOXING = YES;
				GCC_C_LANGUAGE_STANDARD = gnu17;
				GCC_NO_COMMON_BLOCKS = YES;
				GCC_WARN_64_TO_32_BIT_CONVERSION = YES;
				GCC_WARN_ABOUT_RETURN_TYPE = YES_ERROR;
				GCC_WARN_UNDECLARED_SELECTOR = YES;
				GCC_WARN_UNINITIALIZED_AUTOS = YES_AGGRESSIVE;
				GCC_WARN_UNUSED_FUNCTION = YES;
				GCC_WARN_UNUSED_VARIABLE = YES;
				LOCALIZATION_PREFERS_STRING_CATALOGS = YES;
				MACOSX_DEPLOYMENT_TARGET = 14.0;
				MTL_ENABLE_DEBUG_INFO = NO;
				MTL_FAST_MATH = YES;
				SDKROOT = macosx;
			};
			name = Release;
		};
		3C0BD7872CDD539000666AC8 /* Debug */ = {
			isa = XCBuildConfiguration;
			buildSettings = {
				CODE_SIGN_STYLE = Automatic;
				FRAMEWORK_SEARCH_PATHS = (
					"$(inherited)",
					"$(LOCAL_LIBRARY_DIR)/Frameworks",
				);
				HEADER_SEARCH_PATHS = (
					/Library/Frameworks/SDL2_image.framework/Versions/A/Headers,
					/Library/Frameworks/SDL2.framework/Versions/A/Headers,
				);
				PRODUCT_NAME = "$(TARGET_NAME)";
			};
			name = Debug;
		};
		3C0BD7882CDD539000666AC8 /* Release */ = {
			isa = XCBuildConfiguration;
			buildSettings = {
				CODE_SIGN_STYLE = Automatic;
				FRAMEWORK_SEARCH_PATHS = (
					"$(inherited)",
					"$(LOCAL_LIBRARY_DIR)/Frameworks",
				);
				HEADER_SEARCH_PATHS = (
					/Library/Frameworks/SDL2_image.framework/Versions/A/Headers,
					/Library/Frameworks/SDL2.framework/Versions/A/Headers,
				);
				PRODUCT_NAME = "$(TARGET_NAME)";
			};
			name = Release;
		};
/* End XCBuildConfiguration section */

/* Begin XCConfigurationList section */
		3C0BD77A2CDD539000666AC8 /* Build configuration list for PBXProject "Project_4" */ = {
			isa = XCConfigurationList;
			buildConfigurations = (
				3C0BD7842CDD539000666AC8 /* Debug */,
				3C0BD7852CDD539000666AC8 /* Release */,
			);
			defaultConfigurationIsVisible = 0;
			defaultConfigurationName = Release;
		};
		3C0BD7862CDD539000666AC8 /* Build configuration list for PBXNativeTarget "Project_4" */ = {
			isa = XCConfigurationList;
			buildConfigurations = (
				3C0BD7872CDD539000666AC8 /* Debug */,
				3C0BD7882CDD539000666AC8 /* Release */,
			);
			defaultConfigurationIsVisible = 0;
			defaultConfigurationName = Release;
		};
/* End XCConfigurationList section */
	};
	rootObject = 3C0BD7772CDD539000666AC8 /* Project object */;
}
